[[package]]
category = "main"
description = "Utilities for abstract syntax trees and parsing with PLY."
name = "astutils"
optional = false
python-versions = "*"
version = "0.0.3"

[package.dependencies]
ply = ">=3.4"

[[package]]
category = "main"
description = "Classes Without Boilerplate"
name = "attrs"
optional = false
python-versions = ">=2.7, !=3.0.*, !=3.1.*, !=3.2.*, !=3.3.*"
version = "19.3.0"

[[package]]
category = "main"
description = "Efficient, Pythonic bidirectional map implementation and related functionality"
name = "bidict"
optional = false
python-versions = "*"
version = "0.18.3"

[[package]]
category = "main"
description = "Binary decision diagrams implemented in pure Python, as well as Cython wrappers of CUDD, Sylvan, and BuDDy."
name = "dd"
optional = false
python-versions = "*"
version = "0.5.4"

[package.dependencies]
astutils = ">=0.0.1"
networkx = ">=1.9.1"
ply = ">=3.4,<=3.10"
psutil = ">=3.2.2"
pydot = ">=1.2.2"
setuptools = ">=19.6"

[[package]]
category = "main"
description = "Decorators for Humans"
name = "decorator"
optional = false
python-versions = ">=2.6, !=3.0.*, !=3.1.*"
version = "4.4.1"

[[package]]
category = "main"
description = "A fancy and practical functional tools"
name = "funcy"
optional = false
python-versions = "*"
version = "1.13"

[[package]]
category = "main"
description = "Python package for creating and manipulating graphs and networks"
name = "networkx"
optional = false
python-versions = ">=3.5"
version = "2.4"

[package.dependencies]
decorator = ">=4.3.0"

[[package]]
category = "main"
description = "(Soon to be) the fastest pure-Python PEG parser I could muster"
name = "parsimonious"
optional = false
python-versions = "*"
version = "0.8.1"

[package.dependencies]
six = ">=1.9.0"

[[package]]
category = "main"
description = "Python Lex & Yacc"
name = "ply"
optional = false
python-versions = "*"
version = "3.10"

[[package]]
category = "main"
description = "Cross-platform lib for process and system monitoring in Python."
name = "psutil"
optional = false
python-versions = ">=2.6, !=3.0.*, !=3.1.*, !=3.2.*, !=3.3.*"
version = "5.6.3"

[[package]]
category = "main"
description = "A python library for manipulating sequential and-inverter gates."
name = "py-aiger"
optional = false
python-versions = ">=3.6,<4.0"
version = "3.5.0"

[package.dependencies]
attrs = ">=19.3,<20.0"
bidict = ">=0.18.0,<0.19.0"
funcy = ">=1.12,<2.0"
parsimonious = ">=0.8.1,<0.9.0"
pyrsistent = ">=0.15.4,<0.16.0"
toposort = ">=1.5,<2.0"

[[package]]
category = "main"
description = "Python interface to Graphviz's Dot"
name = "pydot"
optional = false
python-versions = ">=2.7, !=3.0.*, !=3.1.*, !=3.2.*, !=3.3.*"
version = "1.4.1"

[package.dependencies]
pyparsing = ">=2.1.4"

[[package]]
category = "main"
description = "Python parsing module"
name = "pyparsing"
optional = false
python-versions = ">=2.6, !=3.0.*, !=3.1.*, !=3.2.*"
version = "2.4.2"

[[package]]
category = "main"
description = "Persistent/Functional/Immutable data structures"
name = "pyrsistent"
optional = false
python-versions = "*"
version = "0.15.5"

[package.dependencies]
six = "*"

[[package]]
category = "main"
description = "Python 2 and 3 compatibility utilities"
name = "six"
optional = false
python-versions = ">=2.6, !=3.0.*, !=3.1.*"
version = "1.12.0"

[[package]]
category = "main"
description = "Implements a topological sort algorithm."
name = "toposort"
optional = false
python-versions = "*"
version = "1.5"

[metadata]
content-hash = "fbe5a226e9e06662e48e03b179a08952226ef55c767675f65856ba99a8b25980"
python-versions = "^3.6"

[metadata.hashes]
astutils = ["3f5c9a4a70eaf848e05a7234c914c9dbc965a8c3ae807f0fdb1ea804f1b8c0c4"]
attrs = ["08a96c641c3a74e44eb59afb61a24f2cb9f4d7188748e76ba4bb5edfa3cb7d1c", "f7b7ce16570fe9965acd6d30101a28f62fb4a7f9e926b3bbc9b61f8b04247e72"]
bidict = ["1742a25a9ef1b1ac4000683406879a3e1a6577faa02f31e482e6c84e2e3bf628", "621db384daef94b7031897ca479f4feed025989a64e91c6fae88fb88a842488c"]
dd = ["39c3d7fdebad4c128d3444fcfaf8491c96b2ef5a1c0baa33f4b7eef81115810c"]
decorator = ["54c38050039232e1db4ad7375cfce6748d7b41c29e95a081c8a6d2c30364a2ce", "5d19b92a3c8f7f101c8dd86afd86b0f061a8ce4540ab8cd401fa2542756bce6d"]
funcy = ["141950038e72bdc2d56fa82468586a1d1291b9cc9346daaaa322dffed1d1da6e", "918f333f675d9841ec7d77b9f0d5a272ed290393a33c8ef20e605847de89b1c3"]
networkx = ["cdfbf698749a5014bf2ed9db4a07a5295df1d3a53bf80bf3cbd61edf9df05fa1", "f8f4ff0b6f96e4f9b16af6b84622597b5334bf9cae8cf9b2e42e7985d5c95c64"]
parsimonious = ["3add338892d580e0cb3b1a39e4a1b427ff9f687858fdd61097053742391a9f6b"]
ply = ["96e94af7dd7031d8d6dd6e2a8e0de593b511c211a86e28a9c9621c275ac8bacb"]
psutil = ["028a1ec3c6197eadd11e7b46e8cc2f0720dc18ac6d7aabdb8e8c0d6c9704f000", "12542c3642909f4cd1928a2fba59e16fa27e47cbeea60928ebb62a8cbd1ce123", "503e4b20fa9d3342bcf58191bbc20a4a5ef79ca7df8972e6197cc14c5513e73d", "863a85c1c0a5103a12c05a35e59d336e1d665747e531256e061213e2e90f63f3", "954f782608bfef9ae9f78e660e065bd8ffcfaea780f9f2c8a133bb7cb9e826d7", "b6e08f965a305cd84c2d07409bc16fbef4417d67b70c53b299116c5b895e3f45", "bc96d437dfbb8865fc8828cf363450001cb04056bbdcdd6fc152c436c8a74c61", "cf49178021075d47c61c03c0229ac0c60d5e2830f8cab19e2d88e579b18cdb76", "d5350cb66690915d60f8b233180f1e49938756fb2d501c93c44f8fb5b970cc63", "eba238cf1989dfff7d483c029acb0ac4fcbfc15de295d682901f0e2497e6781a"]
py-aiger = ["cdeb57410177d360e305ab4a444c010bdc9f9ed7202f244d66214e0cb214e272", "f0263316997d24e90b8e0b368b6bbea22f917d4c44275e1bfecd7974f394e40f"]
pydot = ["67be714300c78fda5fd52f79ec994039e3f76f074948c67b5ff539b433ad354f", "d49c9d4dd1913beec2a997f831543c8cbd53e535b1a739e921642fe416235f01"]
pyparsing = ["6f98a7b9397e206d78cc01df10131398f1c8b8510a2f4d97d9abd82e1aacdd80", "d9338df12903bbf5d65a0e4e87c2161968b10d2e489652bb47001d82a9b028b4"]
pyrsistent = ["eb6545dbeb1aa69ab1fb4809bfbf5a8705e44d92ef8fc7c2361682a47c46c778"]
six = ["3350809f0555b11f552448330d0b52d5f24c91a322ea4a15ef22629740f3761c", "d16a0141ec1a18405cd4ce8b4613101da75da0e9a7aec5bdd4fa804d0e0eba73"]
toposort = ["d80128b83b411d503b0cdb4a8f172998bc1d3b434b6402a349b8ebd734d51a80", "dba5ae845296e3bf37b042c640870ffebcdeb8cd4df45adaa01d8c5476c557dd"]
